lockfileVersion: 5.3

specifiers:
  '@types/lodash': ^4.14.177
  '@types/node': ^16.6.2
  docx: 6.0.0
  lodash: ^4.17.21
  prettier: ^2.3.2
  remark-parse: ^10.0.0
  ts-mdast: ^1.0.0
  ts-node: 10.4.0
  typescript: ^4.3.5
  unified: ^10.1.0
  vfile: ^5.0.2
  yaml: ^1.10.2

dependencies:
  docx: 6.0.0
  lodash: 4.17.21
  remark-parse: 10.0.0
  ts-mdast: 1.0.0
  unified: 10.1.0
  vfile: 5.0.2
  yaml: 1.10.2

devDependencies:
  '@types/lodash': 4.14.177
  '@types/node': 16.6.2
  prettier: 2.3.2
  ts-node: 10.4.0_c780171742f6906a053a603dfa210a4e
  typescript: 4.3.5

packages:

  /@cspotcode/source-map-consumer/0.8.0:
    resolution: {integrity: sha512-41qniHzTU8yAGbCp04ohlmSrZf8bkf/iJsl3V0dRGsQN/5GFfx+LbCSsCpp2gqrqjTVg/K6O8ycoV35JIwAzAg==}
    engines: {node: '>= 12'}
    dev: true

  /@cspotcode/source-map-support/0.7.0:
    resolution: {integrity: sha512-X4xqRHqN8ACt2aHVe51OxeA2HjbcL4MqFqXkrmQszJ1NOUuUu5u6Vqx/0lZSVNku7velL5FC/s5uEAj1lsBMhA==}
    engines: {node: '>=12'}
    dependencies:
      '@cspotcode/source-map-consumer': 0.8.0
    dev: true

  /@tsconfig/node10/1.0.8:
    resolution: {integrity: sha512-6XFfSQmMgq0CFLY1MslA/CPUfhIL919M1rMsa5lP2P097N2Wd1sSX0tx1u4olM16fLNhtHZpRhedZJphNJqmZg==}
    dev: true

  /@tsconfig/node12/1.0.9:
    resolution: {integrity: sha512-/yBMcem+fbvhSREH+s14YJi18sp7J9jpuhYByADT2rypfajMZZN4WQ6zBGgBKp53NKmqI36wFYDb3yaMPurITw==}
    dev: true

  /@tsconfig/node14/1.0.1:
    resolution: {integrity: sha512-509r2+yARFfHHE7T6Puu2jjkoycftovhXRqW328PDXTVGKihlb1P8Z9mMZH04ebyajfRY7dedfGynlrFHJUQCg==}
    dev: true

  /@tsconfig/node16/1.0.2:
    resolution: {integrity: sha512-eZxlbI8GZscaGS7kkc/trHTT5xgrjH3/1n2JDwusC9iahPKWMRvRjJSAN5mCXviuTGQ/lHnhvv8Q1YTpnfz9gA==}
    dev: true

  /@types/debug/4.1.7:
    resolution: {integrity: sha512-9AonUzyTjXXhEOa0DnqpzZi6VHlqKMswga9EXjpXnnqxwLtdvPPtlO8evrI5D9S6asFRCQ6v+wpiUKbw+vKqyg==}
    dependencies:
      '@types/ms': 0.7.31
    dev: false

  /@types/jszip/3.4.1:
    resolution: {integrity: sha512-TezXjmf3lj+zQ651r6hPqvSScqBLvyPI9FxdXBqpEwBijNGQ2NXpaFW/7joGzveYkKQUil7iiDHLo6LV71Pc0A==}
    deprecated: This is a stub types definition. jszip provides its own type definitions, so you do not need this installed.
    dependencies:
      jszip: 3.7.1
    dev: false

  /@types/lodash/4.14.177:
    resolution: {integrity: sha512-0fDwydE2clKe9MNfvXHBHF9WEahRuj+msTuQqOmAApNORFvhMYZKNGGJdCzuhheVjMps/ti0Ak/iJPACMaevvw==}
    dev: true

  /@types/mdast/3.0.8:
    resolution: {integrity: sha512-HdUXWDNtDenuVJFrV2xBCLEMiw1Vn7FMuJxqJC5oBvC2adA3pgtp6CPCIMQdz3pmWxGuJjT+hOp6FnOXy6dXoQ==}
    dependencies:
      '@types/unist': 2.0.6
    dev: false

  /@types/ms/0.7.31:
    resolution: {integrity: sha512-iiUgKzV9AuaEkZqkOLDIvlQiL6ltuZd9tGcW3gwpnX8JbuiuhFlEGmmFXEXkN50Cvq7Os88IY2v0dkDqXYWVgA==}
    dev: false

  /@types/node/14.17.34:
    resolution: {integrity: sha512-USUftMYpmuMzeWobskoPfzDi+vkpe0dvcOBRNOscFrGxVp4jomnRxWuVohgqBow2xyIPC0S3gjxV/5079jhmDg==}
    dev: false

  /@types/node/16.6.2:
    resolution: {integrity: sha512-LSw8TZt12ZudbpHc6EkIyDM3nHVWKYrAvGy6EAJfNfjusbwnThqjqxUKKRwuV3iWYeW/LYMzNgaq3MaLffQ2xA==}
    dev: true

  /@types/unist/2.0.6:
    resolution: {integrity: sha512-PBjIUxZHOuj0R15/xuwJYjFi+KZdNFrehocChv4g5hu6aFroHue8m0lBP0POdK2nKzbw0cgV1mws8+V/JAcEkQ==}
    dev: false

  /acorn-walk/8.1.1:
    resolution: {integrity: sha512-FbJdceMlPHEAWJOILDk1fXD8lnTlEIWFkqtfk+MvmL5q/qlHfN7GEHcsFZWt/Tea9jRNPWUZG4G976nqAAmU9w==}
    engines: {node: '>=0.4.0'}
    dev: true

  /acorn/8.4.1:
    resolution: {integrity: sha512-asabaBSkEKosYKMITunzX177CXxQ4Q8BSSzMTKD+FefUhipQC70gfW5SiUDhYQ3vk8G+81HqQk7Fv9OXwwn9KA==}
    engines: {node: '>=0.4.0'}
    hasBin: true
    dev: true

  /arg/4.1.3:
    resolution: {integrity: sha512-58S9QDqG0Xx27YwPSt9fJxivjYl432YCwfDMfZ+71RAqUrZef7LrKQZ3LHLOwCS4FLNBplP533Zx895SeOCHvA==}
    dev: true

  /bail/2.0.1:
    resolution: {integrity: sha512-d5FoTAr2S5DSUPKl85WNm2yUwsINN8eidIdIwsOge2t33DaOfOdSmmsI11jMN3GmALCXaw+Y6HMVHDzePshFAA==}
    dev: false

  /character-entities-legacy/2.0.0:
    resolution: {integrity: sha512-YwaEtEvWLpFa6Wh3uVLrvirA/ahr9fki/NUd/Bd4OR6EdJ8D22hovYQEOUCBfQfcqnC4IAMGMsHXY1eXgL4ZZA==}
    dev: false

  /character-entities/2.0.0:
    resolution: {integrity: sha512-oHqMj3eAuJ77/P5PaIRcqk+C3hdfNwyCD2DAUcD5gyXkegAuF2USC40CEqPscDk4I8FRGMTojGJQkXDsN5QlJA==}
    dev: false

  /character-reference-invalid/2.0.0:
    resolution: {integrity: sha512-pE3Z15lLRxDzWJy7bBHBopRwfI20sbrMVLQTC7xsPglCHf4Wv1e167OgYAFP78co2XlhojDyAqA+IAJse27//g==}
    dev: false

  /core-util-is/1.0.2:
    resolution: {integrity: sha1-tf1UIgqivFq1eqtxQMlAdUUDwac=}
    dev: false

  /create-require/1.1.1:
    resolution: {integrity: sha512-dcKFX3jn0MpIaXjisoRvexIJVEKzaq7z2rZKxf+MSr9TkdmHmsU4m2lcLojrj/FHl8mk5VxMmYA+ftRkP/3oKQ==}
    dev: true

  /debug/4.3.2:
    resolution: {integrity: sha512-mOp8wKcvj7XxC78zLgw/ZA+6TSgkoE2C/ienthhRD298T7UNwAg9diBpLRxC0mOezLl4B0xV7M0cCO6P/O0Xhw==}
    engines: {node: '>=6.0'}
    peerDependencies:
      supports-color: '*'
    peerDependenciesMeta:
      supports-color:
        optional: true
    dependencies:
      ms: 2.1.2
    dev: false

  /diff/4.0.2:
    resolution: {integrity: sha512-58lmxKSA4BNyLz+HHMUzlOEpg09FV+ev6ZMe3vJihgdxzgcwZ8VoEEPmALCZG9LmqfVoNMMKpttIYTVG6uDY7A==}
    engines: {node: '>=0.3.1'}
    dev: true

  /docx/6.0.0:
    resolution: {integrity: sha512-OfNirAhUb1O62cw34bdvqPhRUL/I7FTyE6wifS9wjQIYv9OvHKpb0gRCKAGbl6sONJLmeA6FaCKpvMQfOuZYwA==}
    engines: {node: '>=10'}
    dependencies:
      '@types/jszip': 3.4.1
      '@types/node': 14.17.34
      jszip: 3.7.1
      nanoid: 3.1.25
      xml: 1.0.1
      xml-js: 1.6.11
    dev: false

  /extend/3.0.2:
    resolution: {integrity: sha512-fjquC59cD7CyW6urNXK0FBufkZcoiGG80wTuPujX590cB5Ttln20E2UB4S/WARVqhXffZl2LNgS+gQdPIIim/g==}
    dev: false

  /immediate/3.0.6:
    resolution: {integrity: sha1-nbHb0Pr43m++D13V5Wu2BigN5ps=}
    dev: false

  /inherits/2.0.4:
    resolution: {integrity: sha512-k/vGaX4/Yla3WzyMCvTQOXYeIHvqOKtnqBduzTHpzpQZzAskKMhZ2K+EnBiSM9zGSoIFeMpXKxa4dYeZIQqewQ==}
    dev: false

  /is-alphabetical/2.0.0:
    resolution: {integrity: sha512-5OV8Toyq3oh4eq6sbWTYzlGdnMT/DPI5I0zxUBxjiigQsZycpkKF3kskkao3JyYGuYDHvhgJF+DrjMQp9SX86w==}
    dev: false

  /is-alphanumerical/2.0.0:
    resolution: {integrity: sha512-t+2GlJ+hO9yagJ+jU3+HSh80VKvz/3cG2cxbGGm4S0hjKuhWQXgPVUVOZz3tqZzMjhmphZ+1TIJTlRZRoe6GCQ==}
    dependencies:
      is-alphabetical: 2.0.0
      is-decimal: 2.0.0
    dev: false

  /is-buffer/2.0.5:
    resolution: {integrity: sha512-i2R6zNFDwgEHJyQUtJEk0XFi1i0dPFn/oqjK3/vPCcDeJvW5NQ83V8QbicfF1SupOaB0h8ntgBC2YiE7dfyctQ==}
    engines: {node: '>=4'}
    dev: false

  /is-decimal/2.0.0:
    resolution: {integrity: sha512-QfrfjQV0LjoWQ1K1XSoEZkTAzSa14RKVMa5zg3SdAfzEmQzRM4+tbSFWb78creCeA9rNBzaZal92opi1TwPWZw==}
    dev: false

  /is-hexadecimal/2.0.0:
    resolution: {integrity: sha512-vGOtYkiaxwIiR0+Ng/zNId+ZZehGfINwTzdrDqc6iubbnQWhnPuYymOzOKUDqa2cSl59yHnEh2h6MvRLQsyNug==}
    dev: false

  /is-plain-obj/4.0.0:
    resolution: {integrity: sha512-NXRbBtUdBioI73y/HmOhogw/U5msYPC9DAtGkJXeFcFWSFZw0mCUsPxk/snTuJHzNKA8kLBK4rH97RMB1BfCXw==}
    engines: {node: '>=12'}
    dev: false

  /isarray/1.0.0:
    resolution: {integrity: sha1-u5NdSFgsuhaMBoNJV6VKPgcSTxE=}
    dev: false

  /jszip/3.7.1:
    resolution: {integrity: sha512-ghL0tz1XG9ZEmRMcEN2vt7xabrDdqHHeykgARpmZ0BiIctWxM47Vt63ZO2dnp4QYt/xJVLLy5Zv1l/xRdh2byg==}
    dependencies:
      lie: 3.3.0
      pako: 1.0.11
      readable-stream: 2.3.7
      set-immediate-shim: 1.0.1
    dev: false

  /lie/3.3.0:
    resolution: {integrity: sha512-UaiMJzeWRlEujzAuw5LokY1L5ecNQYZKfmyZ9L7wDHb/p5etKaxXhohBcrw0EYby+G/NA52vRSN4N39dxHAIwQ==}
    dependencies:
      immediate: 3.0.6
    dev: false

  /lodash/4.17.21:
    resolution: {integrity: sha512-v2kDEe57lecTulaDIuNTPy3Ry4gLGJ6Z1O3vE1krgXZNrsQ+LFTGHVxVjcXPs17LhbZVGedAJv8XZ1tvj5FvSg==}
    dev: false

  /make-error/1.3.6:
    resolution: {integrity: sha512-s8UhlNe7vPKomQhC1qFelMokr/Sc3AgNbso3n74mVPA5LTZwkB9NlXf4XPamLxJE8h0gh73rM94xvwRT2CVInw==}
    dev: true

  /mdast-util-from-markdown/1.0.0:
    resolution: {integrity: sha512-uj2G60sb7z1PNOeElFwCC9b/Se/lFXuLhVKFOAY2EHz/VvgbupTQRNXPoZl7rGpXYL6BNZgcgaybrlSWbo7n/g==}
    dependencies:
      '@types/mdast': 3.0.8
      '@types/unist': 2.0.6
      mdast-util-to-string: 3.1.0
      micromark: 3.0.3
      micromark-util-decode-numeric-character-reference: 1.0.0
      micromark-util-normalize-identifier: 1.0.0
      micromark-util-symbol: 1.0.0
      micromark-util-types: 1.0.0
      parse-entities: 3.0.0
      unist-util-stringify-position: 3.0.0
    transitivePeerDependencies:
      - supports-color
    dev: false

  /mdast-util-to-string/3.1.0:
    resolution: {integrity: sha512-n4Vypz/DZgwo0iMHLQL49dJzlp7YtAJP+N07MZHpjPf/5XJuHUWstviF4Mn2jEiR/GNmtnRRqnwsXExk3igfFA==}
    dev: false

  /micromark-core-commonmark/1.0.0:
    resolution: {integrity: sha512-y9g7zymcKRBHM/aNBekstvs/Grpf+y4OEBULUTYvGZcusnp+JeOxmilJY4GMpo2/xY7iHQL9fjz5pD9pSAud9A==}
    dependencies:
      micromark-factory-destination: 1.0.0
      micromark-factory-label: 1.0.0
      micromark-factory-space: 1.0.0
      micromark-factory-title: 1.0.0
      micromark-factory-whitespace: 1.0.0
      micromark-util-character: 1.1.0
      micromark-util-chunked: 1.0.0
      micromark-util-classify-character: 1.0.0
      micromark-util-html-tag-name: 1.0.0
      micromark-util-normalize-identifier: 1.0.0
      micromark-util-resolve-all: 1.0.0
      micromark-util-subtokenize: 1.0.0
      micromark-util-symbol: 1.0.0
      micromark-util-types: 1.0.0
      parse-entities: 3.0.0
    dev: false

  /micromark-factory-destination/1.0.0:
    resolution: {integrity: sha512-eUBA7Rs1/xtTVun9TmV3gjfPz2wEwgK5R5xcbIM5ZYAtvGF6JkyaDsj0agx8urXnO31tEO6Ug83iVH3tdedLnw==}
    dependencies:
      micromark-util-character: 1.1.0
      micromark-util-symbol: 1.0.0
      micromark-util-types: 1.0.0
    dev: false

  /micromark-factory-label/1.0.0:
    resolution: {integrity: sha512-XWEucVZb+qBCe2jmlOnWr6sWSY6NHx+wtpgYFsm4G+dufOf6tTQRRo0bdO7XSlGPu5fyjpJenth6Ksnc5Mwfww==}
    dependencies:
      micromark-util-character: 1.1.0
      micromark-util-symbol: 1.0.0
      micromark-util-types: 1.0.0
    dev: false

  /micromark-factory-space/1.0.0:
    resolution: {integrity: sha512-qUmqs4kj9a5yBnk3JMLyjtWYN6Mzfcx8uJfi5XAveBniDevmZasdGBba5b4QsvRcAkmvGo5ACmSUmyGiKTLZew==}
    dependencies:
      micromark-util-character: 1.1.0
      micromark-util-types: 1.0.0
    dev: false

  /micromark-factory-title/1.0.0:
    resolution: {integrity: sha512-flvC7Gx0dWVWorXuBl09Cr3wB5FTuYec8pMGVySIp2ZlqTcIjN/lFohZcP0EG//krTptm34kozHk7aK/CleCfA==}
    dependencies:
      micromark-factory-space: 1.0.0
      micromark-util-character: 1.1.0
      micromark-util-symbol: 1.0.0
      micromark-util-types: 1.0.0
    dev: false

  /micromark-factory-whitespace/1.0.0:
    resolution: {integrity: sha512-Qx7uEyahU1lt1RnsECBiuEbfr9INjQTGa6Err+gF3g0Tx4YEviPbqqGKNv/NrBaE7dVHdn1bVZKM/n5I/Bak7A==}
    dependencies:
      micromark-factory-space: 1.0.0
      micromark-util-character: 1.1.0
      micromark-util-symbol: 1.0.0
      micromark-util-types: 1.0.0
    dev: false

  /micromark-util-character/1.1.0:
    resolution: {integrity: sha512-agJ5B3unGNJ9rJvADMJ5ZiYjBRyDpzKAOk01Kpi1TKhlT1APx3XZk6eN7RtSz1erbWHC2L8T3xLZ81wdtGRZzg==}
    dependencies:
      micromark-util-symbol: 1.0.0
      micromark-util-types: 1.0.0
    dev: false

  /micromark-util-chunked/1.0.0:
    resolution: {integrity: sha512-5e8xTis5tEZKgesfbQMKRCyzvffRRUX+lK/y+DvsMFdabAicPkkZV6gO+FEWi9RfuKKoxxPwNL+dFF0SMImc1g==}
    dependencies:
      micromark-util-symbol: 1.0.0
    dev: false

  /micromark-util-classify-character/1.0.0:
    resolution: {integrity: sha512-F8oW2KKrQRb3vS5ud5HIqBVkCqQi224Nm55o5wYLzY/9PwHGXC01tr3d7+TqHHz6zrKQ72Okwtvm/xQm6OVNZA==}
    dependencies:
      micromark-util-character: 1.1.0
      micromark-util-symbol: 1.0.0
      micromark-util-types: 1.0.0
    dev: false

  /micromark-util-combine-extensions/1.0.0:
    resolution: {integrity: sha512-J8H058vFBdo/6+AsjHp2NF7AJ02SZtWaVUjsayNFeAiydTxUwViQPxN0Hf8dp4FmCQi0UUFovFsEyRSUmFH3MA==}
    dependencies:
      micromark-util-chunked: 1.0.0
      micromark-util-types: 1.0.0
    dev: false

  /micromark-util-decode-numeric-character-reference/1.0.0:
    resolution: {integrity: sha512-OzO9AI5VUtrTD7KSdagf4MWgHMtET17Ua1fIpXTpuhclCqD8egFWo85GxSGvxgkGS74bEahvtM0WP0HjvV0e4w==}
    dependencies:
      micromark-util-symbol: 1.0.0
    dev: false

  /micromark-util-encode/1.0.0:
    resolution: {integrity: sha512-cJpFVM768h6zkd8qJ1LNRrITfY4gwFt+tziPcIf71Ui8yFzY9wG3snZQqiWVq93PG4Sw6YOtcNiKJfVIs9qfGg==}
    dev: false

  /micromark-util-html-tag-name/1.0.0:
    resolution: {integrity: sha512-NenEKIshW2ZI/ERv9HtFNsrn3llSPZtY337LID/24WeLqMzeZhBEE6BQ0vS2ZBjshm5n40chKtJ3qjAbVV8S0g==}
    dev: false

  /micromark-util-normalize-identifier/1.0.0:
    resolution: {integrity: sha512-yg+zrL14bBTFrQ7n35CmByWUTFsgst5JhA4gJYoty4Dqzj4Z4Fr/DHekSS5aLfH9bdlfnSvKAWsAgJhIbogyBg==}
    dependencies:
      micromark-util-symbol: 1.0.0
    dev: false

  /micromark-util-resolve-all/1.0.0:
    resolution: {integrity: sha512-CB/AGk98u50k42kvgaMM94wzBqozSzDDaonKU7P7jwQIuH2RU0TeBqGYJz2WY1UdihhjweivStrJ2JdkdEmcfw==}
    dependencies:
      micromark-util-types: 1.0.0
    dev: false

  /micromark-util-sanitize-uri/1.0.0:
    resolution: {integrity: sha512-cCxvBKlmac4rxCGx6ejlIviRaMKZc0fWm5HdCHEeDWRSkn44l6NdYVRyU+0nT1XC72EQJMZV8IPHF+jTr56lAg==}
    dependencies:
      micromark-util-character: 1.1.0
      micromark-util-encode: 1.0.0
      micromark-util-symbol: 1.0.0
    dev: false

  /micromark-util-subtokenize/1.0.0:
    resolution: {integrity: sha512-EsnG2qscmcN5XhkqQBZni/4oQbLFjz9yk3ZM/P8a3YUjwV6+6On2wehr1ALx0MxK3+XXXLTzuBKHDFeDFYRdgQ==}
    dependencies:
      micromark-util-chunked: 1.0.0
      micromark-util-symbol: 1.0.0
      micromark-util-types: 1.0.0
    dev: false

  /micromark-util-symbol/1.0.0:
    resolution: {integrity: sha512-NZA01jHRNCt4KlOROn8/bGi6vvpEmlXld7EHcRH+aYWUfL3Wc8JLUNNlqUMKa0hhz6GrpUWsHtzPmKof57v0gQ==}
    dev: false

  /micromark-util-types/1.0.0:
    resolution: {integrity: sha512-psf1WAaP1B77WpW4mBGDkTr+3RsPuDAgsvlP47GJzbH1jmjH8xjOx7Z6kp84L8oqHmy5pYO3Ev46odosZV+3AA==}
    dev: false

  /micromark/3.0.3:
    resolution: {integrity: sha512-fWuHx+JKV4zA8WfCFor2DWP9XmsZkIiyWRGofr7P7IGfpRIlb7/C5wwusGsNyr1D8HI5arghZDG1Ikc0FBwS5Q==}
    dependencies:
      '@types/debug': 4.1.7
      debug: 4.3.2
      micromark-core-commonmark: 1.0.0
      micromark-factory-space: 1.0.0
      micromark-util-character: 1.1.0
      micromark-util-chunked: 1.0.0
      micromark-util-combine-extensions: 1.0.0
      micromark-util-decode-numeric-character-reference: 1.0.0
      micromark-util-encode: 1.0.0
      micromark-util-normalize-identifier: 1.0.0
      micromark-util-resolve-all: 1.0.0
      micromark-util-sanitize-uri: 1.0.0
      micromark-util-subtokenize: 1.0.0
      micromark-util-symbol: 1.0.0
      micromark-util-types: 1.0.0
      parse-entities: 3.0.0
    transitivePeerDependencies:
      - supports-color
    dev: false

  /ms/2.1.2:
    resolution: {integrity: sha512-sGkPx+VjMtmA6MX27oA4FBFELFCZZ4S4XqeGOXCv68tT+jb3vk/RyaKWP0PTKyWtmLSM0b+adUTEvbs1PEaH2w==}
    dev: false

  /nanoid/3.1.25:
    resolution: {integrity: sha512-rdwtIXaXCLFAQbnfqDRnI6jaRHp9fTcYBjtFKE8eezcZ7LuLjhUaQGNeMXf1HmRoCH32CLz6XwX0TtxEOS/A3Q==}
    engines: {node: ^10 || ^12 || ^13.7 || ^14 || >=15.0.1}
    hasBin: true
    dev: false

  /pako/1.0.11:
    resolution: {integrity: sha512-4hLB8Py4zZce5s4yd9XzopqwVv/yGNhV1Bl8NTmCq1763HeK2+EwVTv+leGeL13Dnh2wfbqowVPXCIO0z4taYw==}
    dev: false

  /parse-entities/3.0.0:
    resolution: {integrity: sha512-AJlcIFDNPEP33KyJLguv0xJc83BNvjxwpuUIcetyXUsLpVXAUCePJ5kIoYtEN2R1ac0cYaRu/vk9dVFkewHQhQ==}
    dependencies:
      character-entities: 2.0.0
      character-entities-legacy: 2.0.0
      character-reference-invalid: 2.0.0
      is-alphanumerical: 2.0.0
      is-decimal: 2.0.0
      is-hexadecimal: 2.0.0
    dev: false

  /prettier/2.3.2:
    resolution: {integrity: sha512-lnJzDfJ66zkMy58OL5/NY5zp70S7Nz6KqcKkXYzn2tMVrNxvbqaBpg7H3qHaLxCJ5lNMsGuM8+ohS7cZrthdLQ==}
    engines: {node: '>=10.13.0'}
    hasBin: true
    dev: true

  /process-nextick-args/2.0.1:
    resolution: {integrity: sha512-3ouUOpQhtgrbOa17J7+uxOTpITYWaGP7/AhoR3+A+/1e9skrzelGi/dXzEYyvbxubEF6Wn2ypscTKiKJFFn1ag==}
    dev: false

  /readable-stream/2.3.7:
    resolution: {integrity: sha512-Ebho8K4jIbHAxnuxi7o42OrZgF/ZTNcsZj6nRKyUmkhLFq8CHItp/fy6hQZuZmP/n3yZ9VBUbp4zz/mX8hmYPw==}
    dependencies:
      core-util-is: 1.0.2
      inherits: 2.0.4
      isarray: 1.0.0
      process-nextick-args: 2.0.1
      safe-buffer: 5.1.2
      string_decoder: 1.1.1
      util-deprecate: 1.0.2
    dev: false

  /remark-parse/10.0.0:
    resolution: {integrity: sha512-07ei47p2Xl7Bqbn9H2VYQYirnAFJPwdMuypdozWsSbnmrkgA2e2sZLZdnDNrrsxR4onmIzH/J6KXqKxCuqHtPQ==}
    dependencies:
      '@types/mdast': 3.0.8
      mdast-util-from-markdown: 1.0.0
      unified: 10.1.0
    transitivePeerDependencies:
      - supports-color
    dev: false

  /safe-buffer/5.1.2:
    resolution: {integrity: sha512-Gd2UZBJDkXlY7GbJxfsE8/nvKkUEU1G38c1siN6QP6a9PT9MmHB8GnpscSmMJSoF8LOIrt8ud/wPtojys4G6+g==}
    dev: false

  /sax/1.2.4:
    resolution: {integrity: sha512-NqVDv9TpANUjFm0N8uM5GxL36UgKi9/atZw+x7YFnQ8ckwFGKrl4xX4yWtrey3UJm5nP1kUbnYgLopqWNSRhWw==}
    dev: false

  /set-immediate-shim/1.0.1:
    resolution: {integrity: sha1-SysbJ+uAip+NzEgaWOXlb1mfP2E=}
    engines: {node: '>=0.10.0'}
    dev: false

  /string_decoder/1.1.1:
    resolution: {integrity: sha512-n/ShnvDi6FHbbVfviro+WojiFzv+s8MPMHBczVePfUpDJLwoLT0ht1l4YwBCbi8pJAveEEdnkHyPyTP/mzRfwg==}
    dependencies:
      safe-buffer: 5.1.2
    dev: false

  /trough/2.0.2:
    resolution: {integrity: sha512-FnHq5sTMxC0sk957wHDzRnemFnNBvt/gSY99HzK8F7UP5WAbvP70yX5bd7CjEQkN+TjdxwI7g7lJ6podqrG2/w==}
    dev: false

  /ts-mdast/1.0.0:
    resolution: {integrity: sha512-FmT5GbMU629/ty64741v7TdO8jm5xW09okr2VNExkLuRk5ngjKIDdn/woTB8lDtcgCMRS8lUNubImen0MkdF6g==}
    engines: {node: '>=10.0.0'}
    dependencies:
      '@types/mdast': 3.0.8
      '@types/unist': 2.0.6
    dev: false

  /ts-node/10.4.0_c780171742f6906a053a603dfa210a4e:
    resolution: {integrity: sha512-g0FlPvvCXSIO1JDF6S232P5jPYqBkRL9qly81ZgAOSU7rwI0stphCgd2kLiCrU9DjQCrJMWEqcNSjQL02s6d8A==}
    hasBin: true
    peerDependencies:
      '@swc/core': '>=1.2.50'
      '@swc/wasm': '>=1.2.50'
      '@types/node': '*'
      typescript: '>=2.7'
    peerDependenciesMeta:
      '@swc/core':
        optional: true
      '@swc/wasm':
        optional: true
    dependencies:
      '@cspotcode/source-map-support': 0.7.0
      '@tsconfig/node10': 1.0.8
      '@tsconfig/node12': 1.0.9
      '@tsconfig/node14': 1.0.1
      '@tsconfig/node16': 1.0.2
      '@types/node': 16.6.2
      acorn: 8.4.1
      acorn-walk: 8.1.1
      arg: 4.1.3
      create-require: 1.1.1
      diff: 4.0.2
      make-error: 1.3.6
      typescript: 4.3.5
      yn: 3.1.1
    dev: true

  /typescript/4.3.5:
    resolution: {integrity: sha512-DqQgihaQ9cUrskJo9kIyW/+g0Vxsk8cDtZ52a3NGh0YNTfpUSArXSohyUGnvbPazEPLu398C0UxmKSOrPumUzA==}
    engines: {node: '>=4.2.0'}
    hasBin: true
    dev: true

  /unified/10.1.0:
    resolution: {integrity: sha512-4U3ru/BRXYYhKbwXV6lU6bufLikoAavTwev89H5UxY8enDFaAT2VXmIXYNm6hb5oHPng/EXr77PVyDFcptbk5g==}
    dependencies:
      '@types/unist': 2.0.6
      bail: 2.0.1
      extend: 3.0.2
      is-buffer: 2.0.5
      is-plain-obj: 4.0.0
      trough: 2.0.2
      vfile: 5.0.2
    dev: false

  /unist-util-stringify-position/3.0.0:
    resolution: {integrity: sha512-SdfAl8fsDclywZpfMDTVDxA2V7LjtRDTOFd44wUJamgl6OlVngsqWjxvermMYf60elWHbxhuRCZml7AnuXCaSA==}
    dependencies:
      '@types/unist': 2.0.6
    dev: false

  /util-deprecate/1.0.2:
    resolution: {integrity: sha1-RQ1Nyfpw3nMnYvvS1KKJgUGaDM8=}
    dev: false

  /vfile-message/3.0.2:
    resolution: {integrity: sha512-UUjZYIOg9lDRwwiBAuezLIsu9KlXntdxwG+nXnjuQAHvBpcX3x0eN8h+I7TkY5nkCXj+cWVp4ZqebtGBvok8ww==}
    dependencies:
      '@types/unist': 2.0.6
      unist-util-stringify-position: 3.0.0
    dev: false

  /vfile/5.0.2:
    resolution: {integrity: sha512-5cV+K7tX83MT3bievROc+7AvHv0GXDB0zqbrTjbOe+HRbkzvY4EP+wS3IR77kUBCoWFMdG9py18t0sesPtQ1Rw==}
    dependencies:
      '@types/unist': 2.0.6
      is-buffer: 2.0.5
      unist-util-stringify-position: 3.0.0
      vfile-message: 3.0.2
    dev: false

  /xml-js/1.6.11:
    resolution: {integrity: sha512-7rVi2KMfwfWFl+GpPg6m80IVMWXLRjO+PxTq7V2CDhoGak0wzYzFgUY2m4XJ47OGdXd8eLE8EmwfAmdjw7lC1g==}
    hasBin: true
    dependencies:
      sax: 1.2.4
    dev: false

  /xml/1.0.1:
    resolution: {integrity: sha1-eLpyAgApxbyHuKgaPPzXS0ovweU=}
    dev: false

  /yaml/1.10.2:
    resolution: {integrity: sha512-r3vXyErRCYJ7wg28yvBY5VSoAF8ZvlcW9/BwUzEtUsjvX/DKs24dIkuwjtuprwJJHsbyUbLApepYTR1BN4uHrg==}
    engines: {node: '>= 6'}
    dev: false

  /yn/3.1.1:
    resolution: {integrity: sha512-Ux4ygGWsu2c7isFWe8Yu1YluJmqVhxqK2cLXNQA5AcC3QfbGNpM7fu0Y8b/z16pXLnFxZYvWhd3fhBY9DLmC6Q==}
    engines: {node: '>=6'}
    dev: true
